{
  "nodes": {
    "darwin": {
      "inputs": {
        "nixpkgs": [
          "nixpkgs"
        ]
      },
      "locked": {
        "lastModified": 1657835815,
        "narHash": "sha256-CnZszAYpNKydh6N7+xg+eRtWNVoAAGqc6bg+Lpgq1xc=",
        "owner": "lnl7",
        "repo": "nix-darwin",
        "rev": "54a24f042f93c79f5679f133faddedec61955cf2",
        "type": "github"
      },
      "original": {
        "owner": "lnl7",
        "repo": "nix-darwin",
        "type": "github"
      }
    },
    "flake-compat": {
      "flake": false,
      "locked": {
        "lastModified": 1650374568,
        "narHash": "sha256-Z+s0J8/r907g149rllvwhb4pKi8Wam5ij0st8PwAh+E=",
        "owner": "edolstra",
        "repo": "flake-compat",
        "rev": "b4a34015c698c7793d592d66adbab377907a2be8",
        "type": "github"
      },
      "original": {
        "owner": "edolstra",
        "repo": "flake-compat",
        "type": "github"
      }
    },
    "flake-utils": {
      "locked": {
        "lastModified": 1644229661,
        "narHash": "sha256-1YdnJAsNy69bpcjuoKdOYQX0YxZBiCYZo4Twxerqv7k=",
        "owner": "numtide",
        "repo": "flake-utils",
        "rev": "3cecb5b042f7f209c56ffd8371b2711a290ec797",
        "type": "github"
      },
      "original": {
        "owner": "numtide",
        "repo": "flake-utils",
        "type": "github"
      }
    },
    "home-manager": {
      "inputs": {
        "nixpkgs": [
          "nixpkgs"
        ],
        "utils": "utils"
      },
      "locked": {
        "lastModified": 1658668641,
        "narHash": "sha256-X3XEoluj1nXFpkUKvsz8XaqMzdHb38aj6ifj8oSMiQM=",
        "owner": "nix-community",
        "repo": "home-manager",
        "rev": "572f348a10826b2207caaf394e9ad2e9ffc6ffa7",
        "type": "github"
      },
      "original": {
        "owner": "nix-community",
        "repo": "home-manager",
        "type": "github"
      }
    },
    "neovim-flake": {
      "inputs": {
        "flake-utils": "flake-utils",
        "nixpkgs": [
          "neovim-nightly",
          "nixpkgs"
        ]
      },
      "locked": {
        "dir": "contrib",
        "lastModified": 1658626168,
        "narHash": "sha256-907/449DJk3Dabpkg3bSNbCBzFokhrhyCGmJu/2er2Y=",
        "owner": "neovim",
        "repo": "neovim",
        "rev": "ea13dce3bf126690876428bd99f4427fadc8358a",
        "type": "github"
      },
      "original": {
        "dir": "contrib",
        "owner": "neovim",
        "repo": "neovim",
        "type": "github"
      }
    },
    "neovim-nightly": {
      "inputs": {
        "flake-compat": "flake-compat",
        "neovim-flake": "neovim-flake",
        "nixpkgs": "nixpkgs"
      },
      "locked": {
        "lastModified": 1658650566,
        "narHash": "sha256-+Shs6WdPMAERC7p9TtEJgyNDYO/9AJOE8ReY95V243A=",
        "owner": "nix-community",
        "repo": "neovim-nightly-overlay",
        "rev": "382bee34b56c0bdc302ffa61da6136419832d409",
        "type": "github"
      },
      "original": {
        "owner": "nix-community",
        "repo": "neovim-nightly-overlay",
        "type": "github"
      }
    },
    "nixpkgs": {
      "locked": {
        "lastModified": 1658557357,
        "narHash": "sha256-0gqNef6skYQKJSS2vLojxrXOrc72zoX5VTDKUqEo6Gk=",
        "owner": "nixos",
        "repo": "nixpkgs",
        "rev": "42ca9bef09e780eabe84328dd1b730cef978f098",
        "type": "github"
      },
      "original": {
        "owner": "nixos",
        "ref": "nixos-unstable",
        "repo": "nixpkgs",
        "type": "github"
      }
    },
    "nixpkgs_2": {
      "locked": {
        "lastModified": 1658648081,
        "narHash": "sha256-RL5nr4Xhp0zQeEGG/I3t3FmqaI9QrBg5PH31NF+7A/A=",
        "owner": "nixos",
        "repo": "nixpkgs",
        "rev": "e494a908e8895b9cba18e21d5fc83362f64b3f6a",
        "type": "github"
      },
      "original": {
        "owner": "nixos",
        "ref": "nixos-unstable",
        "repo": "nixpkgs",
        "type": "github"
      }
    },
    "root": {
      "inputs": {
        "darwin": "darwin",
        "home-manager": "home-manager",
        "neovim-nightly": "neovim-nightly",
        "nixpkgs": "nixpkgs_2"
      }
    },
    "utils": {
      "locked": {
        "lastModified": 1653893745,
        "narHash": "sha256-0jntwV3Z8//YwuOjzhV2sgJJPt+HY6KhU7VZUL0fKZQ=",
        "owner": "numtide",
        "repo": "flake-utils",
        "rev": "1ed9fb1935d260de5fe1c2f7ee0ebaae17ed2fa1",
        "type": "github"
      },
      "original": {
        "owner": "numtide",
        "repo": "flake-utils",
        "type": "github"
      }
    }
  },
  "root": "root",
  "version": 7
}
